
Microsoft Visual Studio Solution File, Format Version 12.00
# Visual Studio 14
VisualStudioVersion = 14.0.25420.1
MinimumVisualStudioVersion = 10.0.40219.1
Project("{FAE04EC0-301F-11D3-BF4B-00C04F79EFBC}") = "Assignment2", "Assignment2\Assignment2.csproj", "{AA5D9336-3299-489C-9260-84D204F7E71D}"
EndProject
Project("{FAE04EC0-301F-11D3-BF4B-00C04F79EFBC}") = "Assignment1", "Assignment1\Assignment1.csproj", "{9F555B52-7AB8-4AEB-BC30-0C8099DBC689}"
EndProject
Project("{FAE04EC0-301F-11D3-BF4B-00C04F79EFBC}") = "Assignment3", "Assignment3\Assignment3.csproj", "{793CDEF1-87E5-493D-91A3-EEC747487DE5}"
EndProject
Project("{FAE04EC0-301F-11D3-BF4B-00C04F79EFBC}") = "Assignment4", "Assignment4\Assignment4.csproj", "{E48C4808-F930-43EB-8DE4-81ED2676DF36}"
EndProject
Project("{FAE04EC0-301F-11D3-BF4B-00C04F79EFBC}") = "Assignment5", "Assignment5\Assignment5.csproj", "{CDAB8BD4-9DD1-4A86-B001-C7378C69FD00}"
Project("{FAE04EC0-301F-11D3-BF4B-00C04F79EFBC}") = "Assignment6", "Assignment6\Assignment6.csproj", "{2F66788E-0737-4971-8A67-5C132B0AEBE0}"
EndProject
Global
	GlobalSection(SolutionConfigurationPlatforms) = preSolution
		Debug|Any CPU = Debug|Any CPU
		Release|Any CPU = Release|Any CPU
	EndGlobalSection
	GlobalSection(ProjectConfigurationPlatforms) = postSolution
		{AA5D9336-3299-489C-9260-84D204F7E71D}.Debug|Any CPU.ActiveCfg = Debug|Any CPU
		{AA5D9336-3299-489C-9260-84D204F7E71D}.Debug|Any CPU.Build.0 = Debug|Any CPU
		{AA5D9336-3299-489C-9260-84D204F7E71D}.Release|Any CPU.ActiveCfg = Release|Any CPU
		{AA5D9336-3299-489C-9260-84D204F7E71D}.Release|Any CPU.Build.0 = Release|Any CPU
		{9F555B52-7AB8-4AEB-BC30-0C8099DBC689}.Debug|Any CPU.ActiveCfg = Debug|Any CPU
		{9F555B52-7AB8-4AEB-BC30-0C8099DBC689}.Debug|Any CPU.Build.0 = Debug|Any CPU
		{9F555B52-7AB8-4AEB-BC30-0C8099DBC689}.Release|Any CPU.ActiveCfg = Release|Any CPU
		{9F555B52-7AB8-4AEB-BC30-0C8099DBC689}.Release|Any CPU.Build.0 = Release|Any CPU
		{793CDEF1-87E5-493D-91A3-EEC747487DE5}.Debug|Any CPU.ActiveCfg = Debug|Any CPU
		{793CDEF1-87E5-493D-91A3-EEC747487DE5}.Debug|Any CPU.Build.0 = Debug|Any CPU
		{793CDEF1-87E5-493D-91A3-EEC747487DE5}.Release|Any CPU.ActiveCfg = Release|Any CPU
		{793CDEF1-87E5-493D-91A3-EEC747487DE5}.Release|Any CPU.Build.0 = Release|Any CPU
		{E48C4808-F930-43EB-8DE4-81ED2676DF36}.Debug|Any CPU.ActiveCfg = Debug|Any CPU
		{E48C4808-F930-43EB-8DE4-81ED2676DF36}.Debug|Any CPU.Build.0 = Debug|Any CPU
		{E48C4808-F930-43EB-8DE4-81ED2676DF36}.Release|Any CPU.ActiveCfg = Release|Any CPU
		{E48C4808-F930-43EB-8DE4-81ED2676DF36}.Release|Any CPU.Build.0 = Release|Any CPU
		{CDAB8BD4-9DD1-4A86-B001-C7378C69FD00}.Debug|Any CPU.ActiveCfg = Debug|Any CPU
		{CDAB8BD4-9DD1-4A86-B001-C7378C69FD00}.Debug|Any CPU.Build.0 = Debug|Any CPU
		{CDAB8BD4-9DD1-4A86-B001-C7378C69FD00}.Release|Any CPU.ActiveCfg = Release|Any CPU
		{CDAB8BD4-9DD1-4A86-B001-C7378C69FD00}.Release|Any CPU.Build.0 = Release|Any CPU
		{2F66788E-0737-4971-8A67-5C132B0AEBE0}.Debug|Any CPU.ActiveCfg = Debug|Any CPU
		{2F66788E-0737-4971-8A67-5C132B0AEBE0}.Debug|Any CPU.Build.0 = Debug|Any CPU
		{2F66788E-0737-4971-8A67-5C132B0AEBE0}.Release|Any CPU.ActiveCfg = Release|Any CPU
		{2F66788E-0737-4971-8A67-5C132B0AEBE0}.Release|Any CPU.Build.0 = Release|Any CPU
	EndGlobalSection
	GlobalSection(SolutionProperties) = preSolution
		HideSolutionNode = FALSE
	EndGlobalSection
EndGlobal
